{
    "symfony/contracts": {
        "version": "v1.0.2"
    },
    "symfony/flex": {
        "version": "1.0",
        "recipe": {
            "repo": "github.com/symfony/recipes",
            "branch": "master",
            "version": "1.0",
            "ref": "dc3fc2e0334a4137c47cfd5a3ececc601fa61a0b"
        },
        "files": [
            "./.env"
        ]
    },
    "symfony/webpack-encore-bundle": {
        "version": "1.0",
        "recipe": {
            "repo": "github.com/symfony/recipes",
            "branch": "master",
            "version": "1.0",
            "ref": "134850a60890780e53f5ff024fcfadbe960ab89d"
        },
        "files": [
            "./assets/css/app.css",
            "./assets/js/app.js",
            "./config/packages/assets.yaml",
            "./config/packages/webpack_encore.yaml",
            "./package.json",
            "./webpack.config.js"
        ]
    }
}
